
Microsoft Visual Studio Solution File, Format Version 12.00
# Visual Studio 2012
Project("{FAE04EC0-301F-11D3-BF4B-00C04F79EFBC}") = "FileIOTest.WP8", "FileIOTest.WP8\FileIOTest.WP8.csproj", "{ECCB0535-E89C-4C9B-A223-DD34591CDC5E}"
EndProject
Project("{FAE04EC0-301F-11D3-BF4B-00C04F79EFBC}") = "FileIOTest.Win81", "FileIOTest.Win81\FileIOTest.Win81.csproj", "{6DF35CAD-26C3-493F-925D-03A8670C8505}"
EndProject
Project("{FAE04EC0-301F-11D3-BF4B-00C04F79EFBC}") = "FileIOTest.WP81", "FileIOTest.Win81.WindowsPhone\FileIOTest.WP81.csproj", "{2936EA0B-889D-4C93-9A07-0073E8A9DC14}"
EndProject
Project("{FAE04EC0-301F-11D3-BF4B-00C04F79EFBC}") = "FileIOTest.SL81", "FileIOTest.SL81\FileIOTest.SL81.csproj", "{FDC56E08-BFC2-4E32-A166-674D4957F523}"
EndProject
Project("{FAE04EC0-301F-11D3-BF4B-00C04F79EFBC}") = "FileIOTest.Win8", "FileIOTest.Win8\FileIOTest.Win8.csproj", "{BF164326-7DD7-466D-B4D4-17F0EBF73CDD}"
EndProject
Global
	GlobalSection(SolutionConfigurationPlatforms) = preSolution
		Debug|Any CPU = Debug|Any CPU
		Debug|ARM = Debug|ARM
		Debug|x64 = Debug|x64
		Debug|x86 = Debug|x86
		Release|Any CPU = Release|Any CPU
		Release|ARM = Release|ARM
		Release|x64 = Release|x64
		Release|x86 = Release|x86
	EndGlobalSection
	GlobalSection(ProjectConfigurationPlatforms) = postSolution
		{ECCB0535-E89C-4C9B-A223-DD34591CDC5E}.Debug|Any CPU.ActiveCfg = Debug|Any CPU
		{ECCB0535-E89C-4C9B-A223-DD34591CDC5E}.Debug|Any CPU.Build.0 = Debug|Any CPU
		{ECCB0535-E89C-4C9B-A223-DD34591CDC5E}.Debug|Any CPU.Deploy.0 = Debug|Any CPU
		{ECCB0535-E89C-4C9B-A223-DD34591CDC5E}.Debug|ARM.ActiveCfg = Debug|ARM
		{ECCB0535-E89C-4C9B-A223-DD34591CDC5E}.Debug|ARM.Build.0 = Debug|ARM
		{ECCB0535-E89C-4C9B-A223-DD34591CDC5E}.Debug|ARM.Deploy.0 = Debug|ARM
		{ECCB0535-E89C-4C9B-A223-DD34591CDC5E}.Debug|x64.ActiveCfg = Debug|Any CPU
		{ECCB0535-E89C-4C9B-A223-DD34591CDC5E}.Debug|x86.ActiveCfg = Debug|x86
		{ECCB0535-E89C-4C9B-A223-DD34591CDC5E}.Debug|x86.Build.0 = Debug|x86
		{ECCB0535-E89C-4C9B-A223-DD34591CDC5E}.Debug|x86.Deploy.0 = Debug|x86
		{ECCB0535-E89C-4C9B-A223-DD34591CDC5E}.Release|Any CPU.ActiveCfg = Release|Any CPU
		{ECCB0535-E89C-4C9B-A223-DD34591CDC5E}.Release|Any CPU.Build.0 = Release|Any CPU
		{ECCB0535-E89C-4C9B-A223-DD34591CDC5E}.Release|Any CPU.Deploy.0 = Release|Any CPU
		{ECCB0535-E89C-4C9B-A223-DD34591CDC5E}.Release|ARM.ActiveCfg = Release|ARM
		{ECCB0535-E89C-4C9B-A223-DD34591CDC5E}.Release|ARM.Build.0 = Release|ARM
		{ECCB0535-E89C-4C9B-A223-DD34591CDC5E}.Release|ARM.Deploy.0 = Release|ARM
		{ECCB0535-E89C-4C9B-A223-DD34591CDC5E}.Release|x64.ActiveCfg = Release|Any CPU
		{ECCB0535-E89C-4C9B-A223-DD34591CDC5E}.Release|x86.ActiveCfg = Release|x86
		{ECCB0535-E89C-4C9B-A223-DD34591CDC5E}.Release|x86.Build.0 = Release|x86
		{ECCB0535-E89C-4C9B-A223-DD34591CDC5E}.Release|x86.Deploy.0 = Release|x86
		{6DF35CAD-26C3-493F-925D-03A8670C8505}.Debug|Any CPU.ActiveCfg = Debug|Any CPU
		{6DF35CAD-26C3-493F-925D-03A8670C8505}.Debug|Any CPU.Build.0 = Debug|Any CPU
		{6DF35CAD-26C3-493F-925D-03A8670C8505}.Debug|Any CPU.Deploy.0 = Debug|Any CPU
		{6DF35CAD-26C3-493F-925D-03A8670C8505}.Debug|ARM.ActiveCfg = Debug|ARM
		{6DF35CAD-26C3-493F-925D-03A8670C8505}.Debug|ARM.Build.0 = Debug|ARM
		{6DF35CAD-26C3-493F-925D-03A8670C8505}.Debug|ARM.Deploy.0 = Debug|ARM
		{6DF35CAD-26C3-493F-925D-03A8670C8505}.Debug|x64.ActiveCfg = Debug|x64
		{6DF35CAD-26C3-493F-925D-03A8670C8505}.Debug|x64.Build.0 = Debug|x64
		{6DF35CAD-26C3-493F-925D-03A8670C8505}.Debug|x64.Deploy.0 = Debug|x64
		{6DF35CAD-26C3-493F-925D-03A8670C8505}.Debug|x86.ActiveCfg = Debug|x86
		{6DF35CAD-26C3-493F-925D-03A8670C8505}.Debug|x86.Build.0 = Debug|x86
		{6DF35CAD-26C3-493F-925D-03A8670C8505}.Debug|x86.Deploy.0 = Debug|x86
		{6DF35CAD-26C3-493F-925D-03A8670C8505}.Release|Any CPU.ActiveCfg = Release|Any CPU
		{6DF35CAD-26C3-493F-925D-03A8670C8505}.Release|Any CPU.Build.0 = Release|Any CPU
		{6DF35CAD-26C3-493F-925D-03A8670C8505}.Release|Any CPU.Deploy.0 = Release|Any CPU
		{6DF35CAD-26C3-493F-925D-03A8670C8505}.Release|ARM.ActiveCfg = Release|ARM
		{6DF35CAD-26C3-493F-925D-03A8670C8505}.Release|ARM.Build.0 = Release|ARM
		{6DF35CAD-26C3-493F-925D-03A8670C8505}.Release|ARM.Deploy.0 = Release|ARM
		{6DF35CAD-26C3-493F-925D-03A8670C8505}.Release|x64.ActiveCfg = Release|x64
		{6DF35CAD-26C3-493F-925D-03A8670C8505}.Release|x64.Build.0 = Release|x64
		{6DF35CAD-26C3-493F-925D-03A8670C8505}.Release|x64.Deploy.0 = Release|x64
		{6DF35CAD-26C3-493F-925D-03A8670C8505}.Release|x86.ActiveCfg = Release|x86
		{6DF35CAD-26C3-493F-925D-03A8670C8505}.Release|x86.Build.0 = Release|x86
		{6DF35CAD-26C3-493F-925D-03A8670C8505}.Release|x86.Deploy.0 = Release|x86
		{2936EA0B-889D-4C93-9A07-0073E8A9DC14}.Debug|Any CPU.ActiveCfg = Debug|Any CPU
		{2936EA0B-889D-4C93-9A07-0073E8A9DC14}.Debug|Any CPU.Build.0 = Debug|Any CPU
		{2936EA0B-889D-4C93-9A07-0073E8A9DC14}.Debug|Any CPU.Deploy.0 = Debug|Any CPU
		{2936EA0B-889D-4C93-9A07-0073E8A9DC14}.Debug|ARM.ActiveCfg = Debug|ARM
		{2936EA0B-889D-4C93-9A07-0073E8A9DC14}.Debug|ARM.Build.0 = Debug|ARM
		{2936EA0B-889D-4C93-9A07-0073E8A9DC14}.Debug|ARM.Deploy.0 = Debug|ARM
		{2936EA0B-889D-4C93-9A07-0073E8A9DC14}.Debug|x64.ActiveCfg = Debug|Any CPU
		{2936EA0B-889D-4C93-9A07-0073E8A9DC14}.Debug|x86.ActiveCfg = Debug|x86
		{2936EA0B-889D-4C93-9A07-0073E8A9DC14}.Debug|x86.Build.0 = Debug|x86
		{2936EA0B-889D-4C93-9A07-0073E8A9DC14}.Debug|x86.Deploy.0 = Debug|x86
		{2936EA0B-889D-4C93-9A07-0073E8A9DC14}.Release|Any CPU.ActiveCfg = Release|Any CPU
		{2936EA0B-889D-4C93-9A07-0073E8A9DC14}.Release|Any CPU.Build.0 = Release|Any CPU
		{2936EA0B-889D-4C93-9A07-0073E8A9DC14}.Release|Any CPU.Deploy.0 = Release|Any CPU
		{2936EA0B-889D-4C93-9A07-0073E8A9DC14}.Release|ARM.ActiveCfg = Release|ARM
		{2936EA0B-889D-4C93-9A07-0073E8A9DC14}.Release|ARM.Build.0 = Release|ARM
		{2936EA0B-889D-4C93-9A07-0073E8A9DC14}.Release|ARM.Deploy.0 = Release|ARM
		{2936EA0B-889D-4C93-9A07-0073E8A9DC14}.Release|x64.ActiveCfg = Release|Any CPU
		{2936EA0B-889D-4C93-9A07-0073E8A9DC14}.Release|x86.ActiveCfg = Release|x86
		{2936EA0B-889D-4C93-9A07-0073E8A9DC14}.Release|x86.Build.0 = Release|x86
		{2936EA0B-889D-4C93-9A07-0073E8A9DC14}.Release|x86.Deploy.0 = Release|x86
		{FDC56E08-BFC2-4E32-A166-674D4957F523}.Debug|Any CPU.ActiveCfg = Debug|Any CPU
		{FDC56E08-BFC2-4E32-A166-674D4957F523}.Debug|Any CPU.Build.0 = Debug|Any CPU
		{FDC56E08-BFC2-4E32-A166-674D4957F523}.Debug|Any CPU.Deploy.0 = Debug|Any CPU
		{FDC56E08-BFC2-4E32-A166-674D4957F523}.Debug|ARM.ActiveCfg = Debug|ARM
		{FDC56E08-BFC2-4E32-A166-674D4957F523}.Debug|ARM.Build.0 = Debug|ARM
		{FDC56E08-BFC2-4E32-A166-674D4957F523}.Debug|ARM.Deploy.0 = Debug|ARM
		{FDC56E08-BFC2-4E32-A166-674D4957F523}.Debug|x64.ActiveCfg = Debug|Any CPU
		{FDC56E08-BFC2-4E32-A166-674D4957F523}.Debug|x86.ActiveCfg = Debug|x86
		{FDC56E08-BFC2-4E32-A166-674D4957F523}.Debug|x86.Build.0 = Debug|x86
		{FDC56E08-BFC2-4E32-A166-674D4957F523}.Debug|x86.Deploy.0 = Debug|x86
		{FDC56E08-BFC2-4E32-A166-674D4957F523}.Release|Any CPU.ActiveCfg = Release|Any CPU
		{FDC56E08-BFC2-4E32-A166-674D4957F523}.Release|Any CPU.Build.0 = Release|Any CPU
		{FDC56E08-BFC2-4E32-A166-674D4957F523}.Release|Any CPU.Deploy.0 = Release|Any CPU
		{FDC56E08-BFC2-4E32-A166-674D4957F523}.Release|ARM.ActiveCfg = Release|ARM
		{FDC56E08-BFC2-4E32-A166-674D4957F523}.Release|ARM.Build.0 = Release|ARM
		{FDC56E08-BFC2-4E32-A166-674D4957F523}.Release|ARM.Deploy.0 = Release|ARM
		{FDC56E08-BFC2-4E32-A166-674D4957F523}.Release|x64.ActiveCfg = Release|Any CPU
		{FDC56E08-BFC2-4E32-A166-674D4957F523}.Release|x86.ActiveCfg = Release|x86
		{FDC56E08-BFC2-4E32-A166-674D4957F523}.Release|x86.Build.0 = Release|x86
		{FDC56E08-BFC2-4E32-A166-674D4957F523}.Release|x86.Deploy.0 = Release|x86
		{BF164326-7DD7-466D-B4D4-17F0EBF73CDD}.Debug|Any CPU.ActiveCfg = Debug|Any CPU
		{BF164326-7DD7-466D-B4D4-17F0EBF73CDD}.Debug|Any CPU.Build.0 = Debug|Any CPU
		{BF164326-7DD7-466D-B4D4-17F0EBF73CDD}.Debug|Any CPU.Deploy.0 = Debug|Any CPU
		{BF164326-7DD7-466D-B4D4-17F0EBF73CDD}.Debug|ARM.ActiveCfg = Debug|ARM
		{BF164326-7DD7-466D-B4D4-17F0EBF73CDD}.Debug|ARM.Build.0 = Debug|ARM
		{BF164326-7DD7-466D-B4D4-17F0EBF73CDD}.Debug|ARM.Deploy.0 = Debug|ARM
		{BF164326-7DD7-466D-B4D4-17F0EBF73CDD}.Debug|x64.ActiveCfg = Debug|x64
		{BF164326-7DD7-466D-B4D4-17F0EBF73CDD}.Debug|x64.Build.0 = Debug|x64
		{BF164326-7DD7-466D-B4D4-17F0EBF73CDD}.Debug|x64.Deploy.0 = Debug|x64
		{BF164326-7DD7-466D-B4D4-17F0EBF73CDD}.Debug|x86.ActiveCfg = Debug|x86
		{BF164326-7DD7-466D-B4D4-17F0EBF73CDD}.Debug|x86.Build.0 = Debug|x86
		{BF164326-7DD7-466D-B4D4-17F0EBF73CDD}.Debug|x86.Deploy.0 = Debug|x86
		{BF164326-7DD7-466D-B4D4-17F0EBF73CDD}.Release|Any CPU.ActiveCfg = Release|Any CPU
		{BF164326-7DD7-466D-B4D4-17F0EBF73CDD}.Release|Any CPU.Build.0 = Release|Any CPU
		{BF164326-7DD7-466D-B4D4-17F0EBF73CDD}.Release|Any CPU.Deploy.0 = Release|Any CPU
		{BF164326-7DD7-466D-B4D4-17F0EBF73CDD}.Release|ARM.ActiveCfg = Release|ARM
		{BF164326-7DD7-466D-B4D4-17F0EBF73CDD}.Release|ARM.Build.0 = Release|ARM
		{BF164326-7DD7-466D-B4D4-17F0EBF73CDD}.Release|ARM.Deploy.0 = Release|ARM
		{BF164326-7DD7-466D-B4D4-17F0EBF73CDD}.Release|x64.ActiveCfg = Release|x64
		{BF164326-7DD7-466D-B4D4-17F0EBF73CDD}.Release|x64.Build.0 = Release|x64
		{BF164326-7DD7-466D-B4D4-17F0EBF73CDD}.Release|x64.Deploy.0 = Release|x64
		{BF164326-7DD7-466D-B4D4-17F0EBF73CDD}.Release|x86.ActiveCfg = Release|x86
		{BF164326-7DD7-466D-B4D4-17F0EBF73CDD}.Release|x86.Build.0 = Release|x86
		{BF164326-7DD7-466D-B4D4-17F0EBF73CDD}.Release|x86.Deploy.0 = Release|x86
	EndGlobalSection
	GlobalSection(SolutionProperties) = preSolution
		HideSolutionNode = FALSE
	EndGlobalSection
EndGlobal
